
Microsoft Visual Studio Solution File, Format Version 12.00
# Visual Studio 15
VisualStudioVersion = 15.0.28307.1500
MinimumVisualStudioVersion = 10.0.40219.1
Project("{8BC9CEB8-8B4A-11D0-8D11-00A0C91BC942}") = "NULLTerminatedLines", "NULLTerminatedLines\NULLTerminatedLines.vcxproj", "{FB16DB38-F717-473B-8BD6-86B059510AEB}"
EndProject
Project("{8BC9CEB8-8B4A-11D0-8D11-00A0C91BC942}") = "Nick", "Nick\Nick.vcxproj", "{7D292EDA-3D01-4B47-9532-AD99C3B1D994}"
EndProject
Project("{8BC9CEB8-8B4A-11D0-8D11-00A0C91BC942}") = "StandardStringOperations", "StandardStringOperations\StandardStringOperations.vcxproj", "{ADCEECB6-D16B-45A3-B749-DF0972085BAB}"
EndProject
Global
	GlobalSection(SolutionConfigurationPlatforms) = preSolution
		Debug|x64 = Debug|x64
		Debug|x86 = Debug|x86
		Release|x64 = Release|x64
		Release|x86 = Release|x86
	EndGlobalSection
	GlobalSection(ProjectConfigurationPlatforms) = postSolution
		{FB16DB38-F717-473B-8BD6-86B059510AEB}.Debug|x64.ActiveCfg = Debug|x64
		{FB16DB38-F717-473B-8BD6-86B059510AEB}.Debug|x64.Build.0 = Debug|x64
		{FB16DB38-F717-473B-8BD6-86B059510AEB}.Debug|x86.ActiveCfg = Debug|Win32
		{FB16DB38-F717-473B-8BD6-86B059510AEB}.Debug|x86.Build.0 = Debug|Win32
		{FB16DB38-F717-473B-8BD6-86B059510AEB}.Release|x64.ActiveCfg = Release|x64
		{FB16DB38-F717-473B-8BD6-86B059510AEB}.Release|x64.Build.0 = Release|x64
		{FB16DB38-F717-473B-8BD6-86B059510AEB}.Release|x86.ActiveCfg = Release|Win32
		{FB16DB38-F717-473B-8BD6-86B059510AEB}.Release|x86.Build.0 = Release|Win32
		{7D292EDA-3D01-4B47-9532-AD99C3B1D994}.Debug|x64.ActiveCfg = Debug|x64
		{7D292EDA-3D01-4B47-9532-AD99C3B1D994}.Debug|x64.Build.0 = Debug|x64
		{7D292EDA-3D01-4B47-9532-AD99C3B1D994}.Debug|x86.ActiveCfg = Debug|Win32
		{7D292EDA-3D01-4B47-9532-AD99C3B1D994}.Debug|x86.Build.0 = Debug|Win32
		{7D292EDA-3D01-4B47-9532-AD99C3B1D994}.Release|x64.ActiveCfg = Release|x64
		{7D292EDA-3D01-4B47-9532-AD99C3B1D994}.Release|x64.Build.0 = Release|x64
		{7D292EDA-3D01-4B47-9532-AD99C3B1D994}.Release|x86.ActiveCfg = Release|Win32
		{7D292EDA-3D01-4B47-9532-AD99C3B1D994}.Release|x86.Build.0 = Release|Win32
		{ADCEECB6-D16B-45A3-B749-DF0972085BAB}.Debug|x64.ActiveCfg = Debug|x64
		{ADCEECB6-D16B-45A3-B749-DF0972085BAB}.Debug|x64.Build.0 = Debug|x64
		{ADCEECB6-D16B-45A3-B749-DF0972085BAB}.Debug|x86.ActiveCfg = Debug|Win32
		{ADCEECB6-D16B-45A3-B749-DF0972085BAB}.Debug|x86.Build.0 = Debug|Win32
		{ADCEECB6-D16B-45A3-B749-DF0972085BAB}.Release|x64.ActiveCfg = Release|x64
		{ADCEECB6-D16B-45A3-B749-DF0972085BAB}.Release|x64.Build.0 = Release|x64
		{ADCEECB6-D16B-45A3-B749-DF0972085BAB}.Release|x86.ActiveCfg = Release|Win32
		{ADCEECB6-D16B-45A3-B749-DF0972085BAB}.Release|x86.Build.0 = Release|Win32
	EndGlobalSection
	GlobalSection(SolutionProperties) = preSolution
		HideSolutionNode = FALSE
	EndGlobalSection
	GlobalSection(ExtensibilityGlobals) = postSolution
		SolutionGuid = {42CC5FC0-D8FE-4365-8CDE-99F2B8A6BA7F}
	EndGlobalSection
EndGlobal
