
Microsoft Visual Studio Solution File, Format Version 12.00
# Visual Studio 15
VisualStudioVersion = 15.0.28307.1082
MinimumVisualStudioVersion = 10.0.40219.1
Project("{8BC9CEB8-8B4A-11D0-8D11-00A0C91BC942}") = "Pointers", "Pointers\Pointers.vcxproj", "{22993E42-03D0-40E0-A866-2F788ACC0C19}"
EndProject
Project("{8BC9CEB8-8B4A-11D0-8D11-00A0C91BC942}") = "Parameters", "Parameters\Parameters.vcxproj", "{833CF3E1-625A-4A53-B91B-8D9D1D596533}"
EndProject
Project("{8BC9CEB8-8B4A-11D0-8D11-00A0C91BC942}") = "References", "References\References.vcxproj", "{141B934C-BE35-42D9-84A5-7E85EFC2808B}"
EndProject
Global
	GlobalSection(SolutionConfigurationPlatforms) = preSolution
		Debug|x64 = Debug|x64
		Debug|x86 = Debug|x86
		Release|x64 = Release|x64
		Release|x86 = Release|x86
	EndGlobalSection
	GlobalSection(ProjectConfigurationPlatforms) = postSolution
		{22993E42-03D0-40E0-A866-2F788ACC0C19}.Debug|x64.ActiveCfg = Debug|x64
		{22993E42-03D0-40E0-A866-2F788ACC0C19}.Debug|x64.Build.0 = Debug|x64
		{22993E42-03D0-40E0-A866-2F788ACC0C19}.Debug|x86.ActiveCfg = Debug|Win32
		{22993E42-03D0-40E0-A866-2F788ACC0C19}.Debug|x86.Build.0 = Debug|Win32
		{22993E42-03D0-40E0-A866-2F788ACC0C19}.Release|x64.ActiveCfg = Release|x64
		{22993E42-03D0-40E0-A866-2F788ACC0C19}.Release|x64.Build.0 = Release|x64
		{22993E42-03D0-40E0-A866-2F788ACC0C19}.Release|x86.ActiveCfg = Release|Win32
		{22993E42-03D0-40E0-A866-2F788ACC0C19}.Release|x86.Build.0 = Release|Win32
		{833CF3E1-625A-4A53-B91B-8D9D1D596533}.Debug|x64.ActiveCfg = Debug|x64
		{833CF3E1-625A-4A53-B91B-8D9D1D596533}.Debug|x64.Build.0 = Debug|x64
		{833CF3E1-625A-4A53-B91B-8D9D1D596533}.Debug|x86.ActiveCfg = Debug|Win32
		{833CF3E1-625A-4A53-B91B-8D9D1D596533}.Debug|x86.Build.0 = Debug|Win32
		{833CF3E1-625A-4A53-B91B-8D9D1D596533}.Release|x64.ActiveCfg = Release|x64
		{833CF3E1-625A-4A53-B91B-8D9D1D596533}.Release|x64.Build.0 = Release|x64
		{833CF3E1-625A-4A53-B91B-8D9D1D596533}.Release|x86.ActiveCfg = Release|Win32
		{833CF3E1-625A-4A53-B91B-8D9D1D596533}.Release|x86.Build.0 = Release|Win32
		{141B934C-BE35-42D9-84A5-7E85EFC2808B}.Debug|x64.ActiveCfg = Debug|x64
		{141B934C-BE35-42D9-84A5-7E85EFC2808B}.Debug|x64.Build.0 = Debug|x64
		{141B934C-BE35-42D9-84A5-7E85EFC2808B}.Debug|x86.ActiveCfg = Debug|Win32
		{141B934C-BE35-42D9-84A5-7E85EFC2808B}.Debug|x86.Build.0 = Debug|Win32
		{141B934C-BE35-42D9-84A5-7E85EFC2808B}.Release|x64.ActiveCfg = Release|x64
		{141B934C-BE35-42D9-84A5-7E85EFC2808B}.Release|x64.Build.0 = Release|x64
		{141B934C-BE35-42D9-84A5-7E85EFC2808B}.Release|x86.ActiveCfg = Release|Win32
		{141B934C-BE35-42D9-84A5-7E85EFC2808B}.Release|x86.Build.0 = Release|Win32
	EndGlobalSection
	GlobalSection(SolutionProperties) = preSolution
		HideSolutionNode = FALSE
	EndGlobalSection
	GlobalSection(ExtensibilityGlobals) = postSolution
		SolutionGuid = {0249DC9B-17AC-4293-9BA5-B8DEEF107077}
	EndGlobalSection
EndGlobal
